// !$*UTF8*$!
{
	archiveVersion = 1;
	classes = {
	};
	objectVersion = 46;
	objects = {

/* Begin PBXBuildFile section */
		7203702C13CA2BD100D62B32 /* libxml2.dylib in Frameworks */ = {isa = PBXBuildFile; fileRef = 7203702B13CA2BD100D62B32 /* libxml2.dylib */; };
		7203708013CA2F4A00D62B32 /* TwitterRushViewController.m in Sources */ = {isa = PBXBuildFile; fileRef = 7203707E13CA2F4900D62B32 /* TwitterRushViewController.m */; };
		7203708113CA2F4A00D62B32 /* TwitterRushViewController.xib in Resources */ = {isa = PBXBuildFile; fileRef = 7203707F13CA2F4A00D62B32 /* TwitterRushViewController.xib */; };
		7203708313CA369E00D62B32 /* background.jpg in Resources */ = {isa = PBXBuildFile; fileRef = 7203708213CA369E00D62B32 /* background.jpg */; };
		7203708613CA404D00D62B32 /* MKBitlyHelper.m in Sources */ = {isa = PBXBuildFile; fileRef = 7203708513CA404D00D62B32 /* MKBitlyHelper.m */; };
		7203709013CA78AF00D62B32 /* arrow_pink.gif in Resources */ = {isa = PBXBuildFile; fileRef = 7203708F13CA78AF00D62B32 /* arrow_pink.gif */; };
		7203709313CA7CFE00D62B32 /* IndiesArtViewController.m in Sources */ = {isa = PBXBuildFile; fileRef = 7203709213CA7CFD00D62B32 /* IndiesArtViewController.m */; };
		7203709613CA84EC00D62B32 /* DiscoverViewController.m in Sources */ = {isa = PBXBuildFile; fileRef = 7203709513CA84EA00D62B32 /* DiscoverViewController.m */; };
		7203709A13CA8CDA00D62B32 /* Cloud.png in Resources */ = {isa = PBXBuildFile; fileRef = 7203709913CA8CDA00D62B32 /* Cloud.png */; };
		723BE48F13DCD9BD00CA367C /* tab_group.png in Resources */ = {isa = PBXBuildFile; fileRef = 723BE48D13DCD9BD00CA367C /* tab_group.png */; };
		723BE49013DCD9BD00CA367C /* tab_group@2x.png in Resources */ = {isa = PBXBuildFile; fileRef = 723BE48E13DCD9BD00CA367C /* tab_group@2x.png */; };
		723BE49313DCDE9D00CA367C /* tab_about.png in Resources */ = {isa = PBXBuildFile; fileRef = 723BE49113DCDE9D00CA367C /* tab_about.png */; };
		723BE49613DCDEFD00CA367C /* tab_about@2x.png in Resources */ = {isa = PBXBuildFile; fileRef = 723BE49513DCDEFD00CA367C /* tab_about@2x.png */; };
		723BE49E13DCEB2300CA367C /* Default.png in Resources */ = {isa = PBXBuildFile; fileRef = 723BE49D13DCEB2300CA367C /* Default.png */; };
		723BE4A013DCEB2A00CA367C /* Default@2x.png in Resources */ = {isa = PBXBuildFile; fileRef = 723BE49F13DCEB2A00CA367C /* Default@2x.png */; };
		723BE4AB13DF7CBC00CA367C /* tweeted.png in Resources */ = {isa = PBXBuildFile; fileRef = 723BE4A913DF7CBC00CA367C /* tweeted.png */; };
		723BE4AC13DF7CBC00CA367C /* tweeted@2x.png in Resources */ = {isa = PBXBuildFile; fileRef = 723BE4AA13DF7CBC00CA367C /* tweeted@2x.png */; };
		723BE4B313DF82FA00CA367C /* fb-posted.png in Resources */ = {isa = PBXBuildFile; fileRef = 723BE4B113DF82F900CA367C /* fb-posted.png */; };
		723BE4B413DF82FA00CA367C /* fb-posted@2x.png in Resources */ = {isa = PBXBuildFile; fileRef = 723BE4B213DF82FA00CA367C /* fb-posted@2x.png */; };
		723C178D1365E9BF0087A5F9 /* ImageCollection.m in Sources */ = {isa = PBXBuildFile; fileRef = 723C178C1365E9BF0087A5F9 /* ImageCollection.m */; };
		723C1790136615D50087A5F9 /* ImageDetail.m in Sources */ = {isa = PBXBuildFile; fileRef = 723C178F136615D50087A5F9 /* ImageDetail.m */; };
		7245ECDE1354174600A00EB9 /* HomeViewController.m in Sources */ = {isa = PBXBuildFile; fileRef = 7245ECDC1354174500A00EB9 /* HomeViewController.m */; };
		7245ECDF1354174600A00EB9 /* HomeViewController.xib in Resources */ = {isa = PBXBuildFile; fileRef = 7245ECDD1354174500A00EB9 /* HomeViewController.xib */; };
		7245ECE313541AFB00A00EB9 /* SlideCell.m in Sources */ = {isa = PBXBuildFile; fileRef = 7245ECE213541AFB00A00EB9 /* SlideCell.m */; };
		7245ECE713541B4D00A00EB9 /* SlideCell.xib in Resources */ = {isa = PBXBuildFile; fileRef = 7245ECE613541B4C00A00EB9 /* SlideCell.xib */; };
		724C40651378D95E003E9AD1 /* bg-default-50.png in Resources */ = {isa = PBXBuildFile; fileRef = 724C40641378D95E003E9AD1 /* bg-default-50.png */; };
		7253EEA31367EF6600859C9B /* ImageSlide.m in Sources */ = {isa = PBXBuildFile; fileRef = 7253EEA21367EF6600859C9B /* ImageSlide.m */; };
		7267C9CC135B8C0F009E7D61 /* QuartzCore.framework in Frameworks */ = {isa = PBXBuildFile; fileRef = 7267C9CB135B8C0F009E7D61 /* QuartzCore.framework */; };
		7267C9D0135B9D26009E7D61 /* CollectionViewController.m in Sources */ = {isa = PBXBuildFile; fileRef = 7267C9CE135B9D25009E7D61 /* CollectionViewController.m */; };
		7267C9D1135B9D26009E7D61 /* CollectionViewController.xib in Resources */ = {isa = PBXBuildFile; fileRef = 7267C9CF135B9D26009E7D61 /* CollectionViewController.xib */; };
		726BF651135252D10046AC92 /* UIKit.framework in Frameworks */ = {isa = PBXBuildFile; fileRef = 726BF650135252D10046AC92 /* UIKit.framework */; };
		726BF653135252D10046AC92 /* Foundation.framework in Frameworks */ = {isa = PBXBuildFile; fileRef = 726BF652135252D10046AC92 /* Foundation.framework */; };
		726BF655135252D10046AC92 /* CoreGraphics.framework in Frameworks */ = {isa = PBXBuildFile; fileRef = 726BF654135252D10046AC92 /* CoreGraphics.framework */; };
		726BF65B135252D10046AC92 /* InfoPlist.strings in Resources */ = {isa = PBXBuildFile; fileRef = 726BF659135252D10046AC92 /* InfoPlist.strings */; };
		726BF65E135252D10046AC92 /* main.m in Sources */ = {isa = PBXBuildFile; fileRef = 726BF65D135252D10046AC92 /* main.m */; };
		726BF661135252D10046AC92 /* indiesArtAppDelegate.m in Sources */ = {isa = PBXBuildFile; fileRef = 726BF660135252D10046AC92 /* indiesArtAppDelegate.m */; };
		726BF664135252D10046AC92 /* MainWindow.xib in Resources */ = {isa = PBXBuildFile; fileRef = 726BF662135252D10046AC92 /* MainWindow.xib */; };
		72701CE41368D49F00211231 /* bg-three.jpeg in Resources */ = {isa = PBXBuildFile; fileRef = 72701CE31368D49F00211231 /* bg-three.jpeg */; };
		7279261D13CFB1E9005D9E6A /* jQueryInject.txt in Resources */ = {isa = PBXBuildFile; fileRef = 727925E313CFB1E9005D9E6A /* jQueryInject.txt */; };
		7279261E13CFB1E9005D9E6A /* jQueryInjectLandscape.txt in Resources */ = {isa = PBXBuildFile; fileRef = 727925E413CFB1E9005D9E6A /* jQueryInjectLandscape.txt */; };
		7279261F13CFB1E9005D9E6A /* libOAuth.a in Frameworks */ = {isa = PBXBuildFile; fileRef = 727925E513CFB1E9005D9E6A /* libOAuth.a */; };
		7279262013CFB1E9005D9E6A /* MGTwitterEngine.m in Sources */ = {isa = PBXBuildFile; fileRef = 727925F813CFB1E9005D9E6A /* MGTwitterEngine.m */; };
		7279262113CFB1E9005D9E6A /* MGTwitterHTTPURLConnection.m in Sources */ = {isa = PBXBuildFile; fileRef = 727925FC13CFB1E9005D9E6A /* MGTwitterHTTPURLConnection.m */; };
		7279262213CFB1E9005D9E6A /* MGTwitterLibXMLParser.m in Sources */ = {isa = PBXBuildFile; fileRef = 727925FE13CFB1E9005D9E6A /* MGTwitterLibXMLParser.m */; };
		7279262313CFB1E9005D9E6A /* MGTwitterMessagesLibXMLParser.m in Sources */ = {isa = PBXBuildFile; fileRef = 7279260013CFB1E9005D9E6A /* MGTwitterMessagesLibXMLParser.m */; };
		7279262413CFB1E9005D9E6A /* MGTwitterMessagesParser.m in Sources */ = {isa = PBXBuildFile; fileRef = 7279260213CFB1E9005D9E6A /* MGTwitterMessagesParser.m */; };
		7279262513CFB1E9005D9E6A /* MGTwitterMiscLibXMLParser.m in Sources */ = {isa = PBXBuildFile; fileRef = 7279260413CFB1E9005D9E6A /* MGTwitterMiscLibXMLParser.m */; };
		7279262613CFB1E9005D9E6A /* MGTwitterMiscParser.m in Sources */ = {isa = PBXBuildFile; fileRef = 7279260613CFB1E9005D9E6A /* MGTwitterMiscParser.m */; };
		7279262713CFB1E9005D9E6A /* MGTwitterStatusesLibXMLParser.m in Sources */ = {isa = PBXBuildFile; fileRef = 7279260A13CFB1E9005D9E6A /* MGTwitterStatusesLibXMLParser.m */; };
		7279262813CFB1E9005D9E6A /* MGTwitterStatusesParser.m in Sources */ = {isa = PBXBuildFile; fileRef = 7279260C13CFB1E9005D9E6A /* MGTwitterStatusesParser.m */; };
		7279262913CFB1E9005D9E6A /* MGTwitterUsersLibXMLParser.m in Sources */ = {isa = PBXBuildFile; fileRef = 7279260E13CFB1E9005D9E6A /* MGTwitterUsersLibXMLParser.m */; };
		7279262A13CFB1E9005D9E6A /* MGTwitterUsersParser.m in Sources */ = {isa = PBXBuildFile; fileRef = 7279261013CFB1E9005D9E6A /* MGTwitterUsersParser.m */; };
		7279262B13CFB1E9005D9E6A /* MGTwitterXMLParser.m in Sources */ = {isa = PBXBuildFile; fileRef = 7279261213CFB1E9005D9E6A /* MGTwitterXMLParser.m */; };
		7279262C13CFB1E9005D9E6A /* NSData+Base64.m in Sources */ = {isa = PBXBuildFile; fileRef = 7279261413CFB1E9005D9E6A /* NSData+Base64.m */; };
		7279262D13CFB1E9005D9E6A /* NSString+UUID.m in Sources */ = {isa = PBXBuildFile; fileRef = 7279261613CFB1E9005D9E6A /* NSString+UUID.m */; };
		7279262E13CFB1E9005D9E6A /* SA_OAuthTwitterController.m in Sources */ = {isa = PBXBuildFile; fileRef = 7279261913CFB1E9005D9E6A /* SA_OAuthTwitterController.m */; };
		7279262F13CFB1E9005D9E6A /* SA_OAuthTwitterEngine.m in Sources */ = {isa = PBXBuildFile; fileRef = 7279261B13CFB1E9005D9E6A /* SA_OAuthTwitterEngine.m */; };
		7279263013CFB1E9005D9E6A /* twitter_load.png in Resources */ = {isa = PBXBuildFile; fileRef = 7279261C13CFB1E9005D9E6A /* twitter_load.png */; };
		7279265213CFB1F5005D9E6A /* Facebook.m in Sources */ = {isa = PBXBuildFile; fileRef = 7279263713CFB1F5005D9E6A /* Facebook.m */; };
		7279265313CFB1F5005D9E6A /* FBDialog.bundle in Resources */ = {isa = PBXBuildFile; fileRef = 7279263A13CFB1F5005D9E6A /* FBDialog.bundle */; };
		7279265413CFB1F5005D9E6A /* FBDialog.m in Sources */ = {isa = PBXBuildFile; fileRef = 7279263C13CFB1F5005D9E6A /* FBDialog.m */; };
		7279265513CFB1F5005D9E6A /* FBLoginDialog.m in Sources */ = {isa = PBXBuildFile; fileRef = 7279263E13CFB1F5005D9E6A /* FBLoginDialog.m */; };
		7279265613CFB1F5005D9E6A /* FBRequest.m in Sources */ = {isa = PBXBuildFile; fileRef = 7279264013CFB1F5005D9E6A /* FBRequest.m */; };
		7279265713CFB1F5005D9E6A /* NSObject+SBJSON.m in Sources */ = {isa = PBXBuildFile; fileRef = 7279264413CFB1F5005D9E6A /* NSObject+SBJSON.m */; };
		7279265813CFB1F5005D9E6A /* NSString+SBJSON.m in Sources */ = {isa = PBXBuildFile; fileRef = 7279264613CFB1F5005D9E6A /* NSString+SBJSON.m */; };
		7279265913CFB1F5005D9E6A /* SBJSON.m in Sources */ = {isa = PBXBuildFile; fileRef = 7279264813CFB1F5005D9E6A /* SBJSON.m */; };
		7279265A13CFB1F5005D9E6A /* SBJsonBase.m in Sources */ = {isa = PBXBuildFile; fileRef = 7279264A13CFB1F5005D9E6A /* SBJsonBase.m */; };
		7279265B13CFB1F5005D9E6A /* SBJsonParser.m in Sources */ = {isa = PBXBuildFile; fileRef = 7279264C13CFB1F5005D9E6A /* SBJsonParser.m */; };
		7279265C13CFB1F5005D9E6A /* SBJsonWriter.m in Sources */ = {isa = PBXBuildFile; fileRef = 7279264E13CFB1F5005D9E6A /* SBJsonWriter.m */; };
		7279266213CFB208005D9E6A /* MBProgressHUD.m in Sources */ = {isa = PBXBuildFile; fileRef = 7279266113CFB208005D9E6A /* MBProgressHUD.m */; };
		72843939136E13AE00C3045A /* icon-57.png in Resources */ = {isa = PBXBuildFile; fileRef = 72843938136E13AE00C3045A /* icon-57.png */; };
		7284393B136E13B500C3045A /* icon-114.png in Resources */ = {isa = PBXBuildFile; fileRef = 7284393A136E13B500C3045A /* icon-114.png */; };
		728F2ABA13DB7355009007E0 /* Cloud@2x.png in Resources */ = {isa = PBXBuildFile; fileRef = 728F2AB913DB7355009007E0 /* Cloud@2x.png */; };
		72965DD213CD35ED0057F2DF /* header_artists.png in Resources */ = {isa = PBXBuildFile; fileRef = 72965DCC13CD35ED0057F2DF /* header_artists.png */; };
		72965DD313CD35ED0057F2DF /* header_artists@2x.png in Resources */ = {isa = PBXBuildFile; fileRef = 72965DCD13CD35ED0057F2DF /* header_artists@2x.png */; };
		72965DD413CD35ED0057F2DF /* header_submissions.png in Resources */ = {isa = PBXBuildFile; fileRef = 72965DCE13CD35ED0057F2DF /* header_submissions.png */; };
		72965DD513CD35ED0057F2DF /* header_submissions@2x.png in Resources */ = {isa = PBXBuildFile; fileRef = 72965DCF13CD35ED0057F2DF /* header_submissions@2x.png */; };
		72965DD613CD35ED0057F2DF /* header_main.png in Resources */ = {isa = PBXBuildFile; fileRef = 72965DD013CD35ED0057F2DF /* header_main.png */; };
		72965DD713CD35ED0057F2DF /* header_main@2x.png in Resources */ = {isa = PBXBuildFile; fileRef = 72965DD113CD35ED0057F2DF /* header_main@2x.png */; };
		72965DF013CD6BF80057F2DF /* logo_head@2x.png in Resources */ = {isa = PBXBuildFile; fileRef = 72965DEE13CD6BF80057F2DF /* logo_head@2x.png */; };
		72965DF113CD6BF80057F2DF /* logo_head.png in Resources */ = {isa = PBXBuildFile; fileRef = 72965DEF13CD6BF80057F2DF /* logo_head.png */; };
		72965DF513CD6C8F0057F2DF /* AboutViewController.m in Sources */ = {isa = PBXBuildFile; fileRef = 72965DF313CD6C8E0057F2DF /* AboutViewController.m */; };
		72965DF613CD6C8F0057F2DF /* AboutViewController.xib in Resources */ = {isa = PBXBuildFile; fileRef = 72965DF413CD6C8F0057F2DF /* AboutViewController.xib */; };
		72B468111353CE4200C28892 /* house.png in Resources */ = {isa = PBXBuildFile; fileRef = 72B468101353CE4200C28892 /* house.png */; };
		72B468131353CE5800C28892 /* house@2x.png in Resources */ = {isa = PBXBuildFile; fileRef = 72B468121353CE5800C28892 /* house@2x.png */; };
		72B468151353CEC200C28892 /* 112-group.png in Resources */ = {isa = PBXBuildFile; fileRef = 72B468141353CEC200C28892 /* 112-group.png */; };
		72B468171353CF2B00C28892 /* 05-shuffle.png in Resources */ = {isa = PBXBuildFile; fileRef = 72B468161353CF2B00C28892 /* 05-shuffle.png */; };
		72E647DC135A555600070CFD /* asyncImageView.m in Sources */ = {isa = PBXBuildFile; fileRef = 72E647DB135A555600070CFD /* asyncImageView.m */; };
		72E647E6135A657700070CFD /* ArtistsViewController.m in Sources */ = {isa = PBXBuildFile; fileRef = 72E647E4135A657600070CFD /* ArtistsViewController.m */; };
		72E647E7135A657700070CFD /* ArtistsViewController.xib in Resources */ = {isa = PBXBuildFile; fileRef = 72E647E5135A657700070CFD /* ArtistsViewController.xib */; };
		72E647EB135A765200070CFD /* ArtistDetailViewController.m in Sources */ = {isa = PBXBuildFile; fileRef = 72E647E9135A765200070CFD /* ArtistDetailViewController.m */; };
		72E647EC135A765200070CFD /* ArtistDetailViewController.xib in Resources */ = {isa = PBXBuildFile; fileRef = 72E647EA135A765200070CFD /* ArtistDetailViewController.xib */; };
		72EEDA9213CBA08D00379B72 /* facebook_button.png in Resources */ = {isa = PBXBuildFile; fileRef = 72EEDA9013CBA08D00379B72 /* facebook_button.png */; };
		72EEDA9313CBA08D00379B72 /* facebook_button@2x.png in Resources */ = {isa = PBXBuildFile; fileRef = 72EEDA9113CBA08D00379B72 /* facebook_button@2x.png */; };
		72EEDA9613CBA0E300379B72 /* twitter_button.png in Resources */ = {isa = PBXBuildFile; fileRef = 72EEDA9413CBA0E300379B72 /* twitter_button.png */; };
		72EEDA9713CBA0E300379B72 /* twitter_button@2x.png in Resources */ = {isa = PBXBuildFile; fileRef = 72EEDA9513CBA0E300379B72 /* twitter_button@2x.png */; };
		72EEDA9A13CBAB0A00379B72 /* artist_button.png in Resources */ = {isa = PBXBuildFile; fileRef = 72EEDA9813CBAB0A00379B72 /* artist_button.png */; };
		72EEDA9B13CBAB0A00379B72 /* artist_button@2x.png in Resources */ = {isa = PBXBuildFile; fileRef = 72EEDA9913CBAB0A00379B72 /* artist_button@2x.png */; };
		72EEDA9E13CBB5AC00379B72 /* arrow@2x.png in Resources */ = {isa = PBXBuildFile; fileRef = 72EEDA9C13CBB5AC00379B72 /* arrow@2x.png */; };
		72EEDA9F13CBB5AC00379B72 /* arrow.png in Resources */ = {isa = PBXBuildFile; fileRef = 72EEDA9D13CBB5AC00379B72 /* arrow.png */; };
/* End PBXBuildFile section */

/* Begin PBXContainerItemProxy section */
		7279265E13CFB1F5005D9E6A /* PBXContainerItemProxy */ = {
			isa = PBXContainerItemProxy;
			containerPortal = 7279263313CFB1F5005D9E6A /* facebook-ios-sdk.xcodeproj */;
			proxyType = 2;
			remoteGlobalIDString = D2AAC07E0554694100DB518D;
			remoteInfo = "facebook-ios-sdk";
		};
/* End PBXContainerItemProxy section */

/* Begin PBXFileReference section */
		7203702B13CA2BD100D62B32 /* libxml2.dylib */ = {isa = PBXFileReference; lastKnownFileType = "compiled.mach-o.dylib"; name = libxml2.dylib; path = usr/lib/libxml2.dylib; sourceTree = SDKROOT; };
		7203707D13CA2F4900D62B32 /* TwitterRushViewController.h */ = {isa = PBXFileReference; fileEncoding = 4; lastKnownFileType = sourcecode.c.h; path = TwitterRushViewController.h; sourceTree = "<group>"; };
		7203707E13CA2F4900D62B32 /* TwitterRushViewController.m */ = {isa = PBXFileReference; fileEncoding = 4; lastKnownFileType = sourcecode.c.objc; path = TwitterRushViewController.m; sourceTree = "<group>"; };
		7203707F13CA2F4A00D62B32 /* TwitterRushViewController.xib */ = {isa = PBXFileReference; fileEncoding = 4; lastKnownFileType = file.xib; path = TwitterRushViewController.xib; sourceTree = "<group>"; };
		7203708213CA369E00D62B32 /* background.jpg */ = {isa = PBXFileReference; lastKnownFileType = image.jpeg; path = background.jpg; sourceTree = "<group>"; };
		7203708413CA404D00D62B32 /* MKBitlyHelper.h */ = {isa = PBXFileReference; fileEncoding = 4; lastKnownFileType = sourcecode.c.h; path = MKBitlyHelper.h; sourceTree = "<group>"; };
		7203708513CA404D00D62B32 /* MKBitlyHelper.m */ = {isa = PBXFileReference; fileEncoding = 4; lastKnownFileType = sourcecode.c.objc; path = MKBitlyHelper.m; sourceTree = "<group>"; };
		7203708F13CA78AF00D62B32 /* arrow_pink.gif */ = {isa = PBXFileReference; lastKnownFileType = image.gif; path = arrow_pink.gif; sourceTree = "<group>"; };
		7203709113CA7CFA00D62B32 /* IndiesArtViewController.h */ = {isa = PBXFileReference; fileEncoding = 4; lastKnownFileType = sourcecode.c.h; path = IndiesArtViewController.h; sourceTree = "<group>"; };
		7203709213CA7CFD00D62B32 /* IndiesArtViewController.m */ = {isa = PBXFileReference; fileEncoding = 4; lastKnownFileType = sourcecode.c.objc; path = IndiesArtViewController.m; sourceTree = "<group>"; };
		7203709413CA84E800D62B32 /* DiscoverViewController.h */ = {isa = PBXFileReference; fileEncoding = 4; lastKnownFileType = sourcecode.c.h; path = DiscoverViewController.h; sourceTree = "<group>"; };
		7203709513CA84EA00D62B32 /* DiscoverViewController.m */ = {isa = PBXFileReference; fileEncoding = 4; lastKnownFileType = sourcecode.c.objc; path = DiscoverViewController.m; sourceTree = "<group>"; };
		7203709913CA8CDA00D62B32 /* Cloud.png */ = {isa = PBXFileReference; lastKnownFileType = image.png; path = Cloud.png; sourceTree = "<group>"; };
		723BE48D13DCD9BD00CA367C /* tab_group.png */ = {isa = PBXFileReference; lastKnownFileType = image.png; path = tab_group.png; sourceTree = "<group>"; };
		723BE48E13DCD9BD00CA367C /* tab_group@2x.png */ = {isa = PBXFileReference; lastKnownFileType = image.png; path = "tab_group@2x.png"; sourceTree = "<group>"; };
		723BE49113DCDE9D00CA367C /* tab_about.png */ = {isa = PBXFileReference; lastKnownFileType = image.png; path = tab_about.png; sourceTree = "<group>"; };
		723BE49513DCDEFD00CA367C /* tab_about@2x.png */ = {isa = PBXFileReference; lastKnownFileType = image.png; path = "tab_about@2x.png"; sourceTree = "<group>"; };
		723BE49D13DCEB2300CA367C /* Default.png */ = {isa = PBXFileReference; lastKnownFileType = image.png; path = Default.png; sourceTree = "<group>"; };
		723BE49F13DCEB2A00CA367C /* Default@2x.png */ = {isa = PBXFileReference; lastKnownFileType = image.png; path = "Default@2x.png"; sourceTree = "<group>"; };
		723BE4A913DF7CBC00CA367C /* tweeted.png */ = {isa = PBXFileReference; lastKnownFileType = image.png; path = tweeted.png; sourceTree = "<group>"; };
		723BE4AA13DF7CBC00CA367C /* tweeted@2x.png */ = {isa = PBXFileReference; lastKnownFileType = image.png; path = "tweeted@2x.png"; sourceTree = "<group>"; };
		723BE4B113DF82F900CA367C /* fb-posted.png */ = {isa = PBXFileReference; lastKnownFileType = image.png; path = "fb-posted.png"; sourceTree = "<group>"; };
		723BE4B213DF82FA00CA367C /* fb-posted@2x.png */ = {isa = PBXFileReference; lastKnownFileType = image.png; path = "fb-posted@2x.png"; sourceTree = "<group>"; };
		723C178B1365E9BF0087A5F9 /* ImageCollection.h */ = {isa = PBXFileReference; fileEncoding = 4; lastKnownFileType = sourcecode.c.h; path = ImageCollection.h; sourceTree = "<group>"; };
		723C178C1365E9BF0087A5F9 /* ImageCollection.m */ = {isa = PBXFileReference; fileEncoding = 4; lastKnownFileType = sourcecode.c.objc; path = ImageCollection.m; sourceTree = "<group>"; };
		723C178E136615D50087A5F9 /* ImageDetail.h */ = {isa = PBXFileReference; fileEncoding = 4; lastKnownFileType = sourcecode.c.h; path = ImageDetail.h; sourceTree = "<group>"; };
		723C178F136615D50087A5F9 /* ImageDetail.m */ = {isa = PBXFileReference; fileEncoding = 4; lastKnownFileType = sourcecode.c.objc; path = ImageDetail.m; sourceTree = "<group>"; };
		7245ECDB1354174500A00EB9 /* HomeViewController.h */ = {isa = PBXFileReference; fileEncoding = 4; lastKnownFileType = sourcecode.c.h; path = HomeViewController.h; sourceTree = "<group>"; };
		7245ECDC1354174500A00EB9 /* HomeViewController.m */ = {isa = PBXFileReference; fileEncoding = 4; lastKnownFileType = sourcecode.c.objc; path = HomeViewController.m; sourceTree = "<group>"; };
		7245ECDD1354174500A00EB9 /* HomeViewController.xib */ = {isa = PBXFileReference; fileEncoding = 4; lastKnownFileType = file.xib; path = HomeViewController.xib; sourceTree = "<group>"; };
		7245ECE113541AFB00A00EB9 /* SlideCell.h */ = {isa = PBXFileReference; fileEncoding = 4; lastKnownFileType = sourcecode.c.h; path = SlideCell.h; sourceTree = "<group>"; };
		7245ECE213541AFB00A00EB9 /* SlideCell.m */ = {isa = PBXFileReference; fileEncoding = 4; lastKnownFileType = sourcecode.c.objc; path = SlideCell.m; sourceTree = "<group>"; };
		7245ECE613541B4C00A00EB9 /* SlideCell.xib */ = {isa = PBXFileReference; fileEncoding = 4; lastKnownFileType = file.xib; path = SlideCell.xib; sourceTree = "<group>"; };
		724C40641378D95E003E9AD1 /* bg-default-50.png */ = {isa = PBXFileReference; lastKnownFileType = image.png; path = "bg-default-50.png"; sourceTree = "<group>"; };
		7253EEA11367EF6600859C9B /* ImageSlide.h */ = {isa = PBXFileReference; fileEncoding = 4; lastKnownFileType = sourcecode.c.h; path = ImageSlide.h; sourceTree = "<group>"; };
		7253EEA21367EF6600859C9B /* ImageSlide.m */ = {isa = PBXFileReference; fileEncoding = 4; lastKnownFileType = sourcecode.c.objc; path = ImageSlide.m; sourceTree = "<group>"; };
		7267C9CB135B8C0F009E7D61 /* QuartzCore.framework */ = {isa = PBXFileReference; lastKnownFileType = wrapper.framework; name = QuartzCore.framework; path = System/Library/Frameworks/QuartzCore.framework; sourceTree = SDKROOT; };
		7267C9CD135B9D25009E7D61 /* CollectionViewController.h */ = {isa = PBXFileReference; fileEncoding = 4; lastKnownFileType = sourcecode.c.h; path = CollectionViewController.h; sourceTree = "<group>"; };
		7267C9CE135B9D25009E7D61 /* CollectionViewController.m */ = {isa = PBXFileReference; fileEncoding = 4; lastKnownFileType = sourcecode.c.objc; path = CollectionViewController.m; sourceTree = "<group>"; };
		7267C9CF135B9D26009E7D61 /* CollectionViewController.xib */ = {isa = PBXFileReference; fileEncoding = 4; lastKnownFileType = file.xib; path = CollectionViewController.xib; sourceTree = "<group>"; };
		726BF64C135252D10046AC92 /* indiesArt.app */ = {isa = PBXFileReference; explicitFileType = wrapper.application; includeInIndex = 0; path = indiesArt.app; sourceTree = BUILT_PRODUCTS_DIR; };
		726BF650135252D10046AC92 /* UIKit.framework */ = {isa = PBXFileReference; lastKnownFileType = wrapper.framework; name = UIKit.framework; path = System/Library/Frameworks/UIKit.framework; sourceTree = SDKROOT; };
		726BF652135252D10046AC92 /* Foundation.framework */ = {isa = PBXFileReference; lastKnownFileType = wrapper.framework; name = Foundation.framework; path = System/Library/Frameworks/Foundation.framework; sourceTree = SDKROOT; };
		726BF654135252D10046AC92 /* CoreGraphics.framework */ = {isa = PBXFileReference; lastKnownFileType = wrapper.framework; name = CoreGraphics.framework; path = System/Library/Frameworks/CoreGraphics.framework; sourceTree = SDKROOT; };
		726BF658135252D10046AC92 /* indiesArt-Info.plist */ = {isa = PBXFileReference; lastKnownFileType = text.plist.xml; path = "indiesArt-Info.plist"; sourceTree = "<group>"; };
		726BF65A135252D10046AC92 /* en */ = {isa = PBXFileReference; lastKnownFileType = text.plist.strings; name = en; path = en.lproj/InfoPlist.strings; sourceTree = "<group>"; };
		726BF65C135252D10046AC92 /* indiesArt-Prefix.pch */ = {isa = PBXFileReference; lastKnownFileType = sourcecode.c.h; path = "indiesArt-Prefix.pch"; sourceTree = "<group>"; };
		726BF65D135252D10046AC92 /* main.m */ = {isa = PBXFileReference; lastKnownFileType = sourcecode.c.objc; path = main.m; sourceTree = "<group>"; };
		726BF65F135252D10046AC92 /* indiesArtAppDelegate.h */ = {isa = PBXFileReference; lastKnownFileType = sourcecode.c.h; path = indiesArtAppDelegate.h; sourceTree = "<group>"; };
		726BF660135252D10046AC92 /* indiesArtAppDelegate.m */ = {isa = PBXFileReference; lastKnownFileType = sourcecode.c.objc; path = indiesArtAppDelegate.m; sourceTree = "<group>"; };
		726BF663135252D10046AC92 /* en */ = {isa = PBXFileReference; lastKnownFileType = file.xib; name = en; path = en.lproj/MainWindow.xib; sourceTree = "<group>"; };
		72701CE31368D49F00211231 /* bg-three.jpeg */ = {isa = PBXFileReference; lastKnownFileType = image.jpeg; path = "bg-three.jpeg"; sourceTree = "<group>"; };
		727925E313CFB1E9005D9E6A /* jQueryInject.txt */ = {isa = PBXFileReference; fileEncoding = 4; lastKnownFileType = text; path = jQueryInject.txt; sourceTree = "<group>"; };
		727925E413CFB1E9005D9E6A /* jQueryInjectLandscape.txt */ = {isa = PBXFileReference; fileEncoding = 4; lastKnownFileType = text; path = jQueryInjectLandscape.txt; sourceTree = "<group>"; };
		727925E513CFB1E9005D9E6A /* libOAuth.a */ = {isa = PBXFileReference; lastKnownFileType = archive.ar; path = libOAuth.a; sourceTree = "<group>"; };
		727925E713CFB1E9005D9E6A /* NSMutableURLRequest+Parameters.h */ = {isa = PBXFileReference; fileEncoding = 4; lastKnownFileType = sourcecode.c.h; path = "NSMutableURLRequest+Parameters.h"; sourceTree = "<group>"; };
		727925E813CFB1E9005D9E6A /* NSString+URLEncoding.h */ = {isa = PBXFileReference; fileEncoding = 4; lastKnownFileType = sourcecode.c.h; path = "NSString+URLEncoding.h"; sourceTree = "<group>"; };
		727925E913CFB1E9005D9E6A /* NSURL+Base.h */ = {isa = PBXFileReference; fileEncoding = 4; lastKnownFileType = sourcecode.c.h; path = "NSURL+Base.h"; sourceTree = "<group>"; };
		727925EA13CFB1E9005D9E6A /* OAAsynchronousDataFetcher.h */ = {isa = PBXFileReference; fileEncoding = 4; lastKnownFileType = sourcecode.c.h; path = OAAsynchronousDataFetcher.h; sourceTree = "<group>"; };
		727925EB13CFB1E9005D9E6A /* OAConsumer.h */ = {isa = PBXFileReference; fileEncoding = 4; lastKnownFileType = sourcecode.c.h; path = OAConsumer.h; sourceTree = "<group>"; };
		727925EC13CFB1E9005D9E6A /* OADataFetcher.h */ = {isa = PBXFileReference; fileEncoding = 4; lastKnownFileType = sourcecode.c.h; path = OADataFetcher.h; sourceTree = "<group>"; };
		727925ED13CFB1E9005D9E6A /* OAHMAC_SHA1SignatureProvider.h */ = {isa = PBXFileReference; fileEncoding = 4; lastKnownFileType = sourcecode.c.h; path = OAHMAC_SHA1SignatureProvider.h; sourceTree = "<group>"; };
		727925EE13CFB1E9005D9E6A /* OAMutableURLRequest.h */ = {isa = PBXFileReference; fileEncoding = 4; lastKnownFileType = sourcecode.c.h; path = OAMutableURLRequest.h; sourceTree = "<group>"; };
		727925EF13CFB1E9005D9E6A /* OAPlaintextSignatureProvider.h */ = {isa = PBXFileReference; fileEncoding = 4; lastKnownFileType = sourcecode.c.h; path = OAPlaintextSignatureProvider.h; sourceTree = "<group>"; };
		727925F013CFB1E9005D9E6A /* OARequestParameter.h */ = {isa = PBXFileReference; fileEncoding = 4; lastKnownFileType = sourcecode.c.h; path = OARequestParameter.h; sourceTree = "<group>"; };
		727925F113CFB1E9005D9E6A /* OAServiceTicket.h */ = {isa = PBXFileReference; fileEncoding = 4; lastKnownFileType = sourcecode.c.h; path = OAServiceTicket.h; sourceTree = "<group>"; };
		727925F213CFB1E9005D9E6A /* OASignatureProviding.h */ = {isa = PBXFileReference; fileEncoding = 4; lastKnownFileType = sourcecode.c.h; path = OASignatureProviding.h; sourceTree = "<group>"; };
		727925F313CFB1E9005D9E6A /* OAToken.h */ = {isa = PBXFileReference; fileEncoding = 4; lastKnownFileType = sourcecode.c.h; path = OAToken.h; sourceTree = "<group>"; };
		727925F413CFB1E9005D9E6A /* OAToken_KeychainExtensions.h */ = {isa = PBXFileReference; fileEncoding = 4; lastKnownFileType = sourcecode.c.h; path = OAToken_KeychainExtensions.h; sourceTree = "<group>"; };
		727925F513CFB1E9005D9E6A /* OAuthConsumer.h */ = {isa = PBXFileReference; fileEncoding = 4; lastKnownFileType = sourcecode.c.h; path = OAuthConsumer.h; sourceTree = "<group>"; };
		727925F713CFB1E9005D9E6A /* MGTwitterEngine.h */ = {isa = PBXFileReference; fileEncoding = 4; lastKnownFileType = sourcecode.c.h; path = MGTwitterEngine.h; sourceTree = "<group>"; };
		727925F813CFB1E9005D9E6A /* MGTwitterEngine.m */ = {isa = PBXFileReference; fileEncoding = 4; lastKnownFileType = sourcecode.c.objc; path = MGTwitterEngine.m; sourceTree = "<group>"; };
		727925F913CFB1E9005D9E6A /* MGTwitterEngineDelegate.h */ = {isa = PBXFileReference; fileEncoding = 4; lastKnownFileType = sourcecode.c.h; path = MGTwitterEngineDelegate.h; sourceTree = "<group>"; };
		727925FA13CFB1E9005D9E6A /* MGTwitterEngineGlobalHeader.h */ = {isa = PBXFileReference; fileEncoding = 4; lastKnownFileType = sourcecode.c.h; path = MGTwitterEngineGlobalHeader.h; sourceTree = "<group>"; };
		727925FB13CFB1E9005D9E6A /* MGTwitterHTTPURLConnection.h */ = {isa = PBXFileReference; fileEncoding = 4; lastKnownFileType = sourcecode.c.h; path = MGTwitterHTTPURLConnection.h; sourceTree = "<group>"; };
		727925FC13CFB1E9005D9E6A /* MGTwitterHTTPURLConnection.m */ = {isa = PBXFileReference; fileEncoding = 4; lastKnownFileType = sourcecode.c.objc; path = MGTwitterHTTPURLConnection.m; sourceTree = "<group>"; };
		727925FD13CFB1E9005D9E6A /* MGTwitterLibXMLParser.h */ = {isa = PBXFileReference; fileEncoding = 4; lastKnownFileType = sourcecode.c.h; path = MGTwitterLibXMLParser.h; sourceTree = "<group>"; };
		727925FE13CFB1E9005D9E6A /* MGTwitterLibXMLParser.m */ = {isa = PBXFileReference; fileEncoding = 4; lastKnownFileType = sourcecode.c.objc; path = MGTwitterLibXMLParser.m; sourceTree = "<group>"; };
		727925FF13CFB1E9005D9E6A /* MGTwitterMessagesLibXMLParser.h */ = {isa = PBXFileReference; fileEncoding = 4; lastKnownFileType = sourcecode.c.h; path = MGTwitterMessagesLibXMLParser.h; sourceTree = "<group>"; };
		7279260013CFB1E9005D9E6A /* MGTwitterMessagesLibXMLParser.m */ = {isa = PBXFileReference; fileEncoding = 4; lastKnownFileType = sourcecode.c.objc; path = MGTwitterMessagesLibXMLParser.m; sourceTree = "<group>"; };
		7279260113CFB1E9005D9E6A /* MGTwitterMessagesParser.h */ = {isa = PBXFileReference; fileEncoding = 4; lastKnownFileType = sourcecode.c.h; path = MGTwitterMessagesParser.h; sourceTree = "<group>"; };
		7279260213CFB1E9005D9E6A /* MGTwitterMessagesParser.m */ = {isa = PBXFileReference; fileEncoding = 4; lastKnownFileType = sourcecode.c.objc; path = MGTwitterMessagesParser.m; sourceTree = "<group>"; };
		7279260313CFB1E9005D9E6A /* MGTwitterMiscLibXMLParser.h */ = {isa = PBXFileReference; fileEncoding = 4; lastKnownFileType = sourcecode.c.h; path = MGTwitterMiscLibXMLParser.h; sourceTree = "<group>"; };
		7279260413CFB1E9005D9E6A /* MGTwitterMiscLibXMLParser.m */ = {isa = PBXFileReference; fileEncoding = 4; lastKnownFileType = sourcecode.c.objc; path = MGTwitterMiscLibXMLParser.m; sourceTree = "<group>"; };
		7279260513CFB1E9005D9E6A /* MGTwitterMiscParser.h */ = {isa = PBXFileReference; fileEncoding = 4; lastKnownFileType = sourcecode.c.h; path = MGTwitterMiscParser.h; sourceTree = "<group>"; };
		7279260613CFB1E9005D9E6A /* MGTwitterMiscParser.m */ = {isa = PBXFileReference; fileEncoding = 4; lastKnownFileType = sourcecode.c.objc; path = MGTwitterMiscParser.m; sourceTree = "<group>"; };
		7279260713CFB1E9005D9E6A /* MGTwitterParserDelegate.h */ = {isa = PBXFileReference; fileEncoding = 4; lastKnownFileType = sourcecode.c.h; path = MGTwitterParserDelegate.h; sourceTree = "<group>"; };
		7279260813CFB1E9005D9E6A /* MGTwitterRequestTypes.h */ = {isa = PBXFileReference; fileEncoding = 4; lastKnownFileType = sourcecode.c.h; path = MGTwitterRequestTypes.h; sourceTree = "<group>"; };
		7279260913CFB1E9005D9E6A /* MGTwitterStatusesLibXMLParser.h */ = {isa = PBXFileReference; fileEncoding = 4; lastKnownFileType = sourcecode.c.h; path = MGTwitterStatusesLibXMLParser.h; sourceTree = "<group>"; };
		7279260A13CFB1E9005D9E6A /* MGTwitterStatusesLibXMLParser.m */ = {isa = PBXFileReference; fileEncoding = 4; lastKnownFileType = sourcecode.c.objc; path = MGTwitterStatusesLibXMLParser.m; sourceTree = "<group>"; };
		7279260B13CFB1E9005D9E6A /* MGTwitterStatusesParser.h */ = {isa = PBXFileReference; fileEncoding = 4; lastKnownFileType = sourcecode.c.h; path = MGTwitterStatusesParser.h; sourceTree = "<group>"; };
		7279260C13CFB1E9005D9E6A /* MGTwitterStatusesParser.m */ = {isa = PBXFileReference; fileEncoding = 4; lastKnownFileType = sourcecode.c.objc; path = MGTwitterStatusesParser.m; sourceTree = "<group>"; };
		7279260D13CFB1E9005D9E6A /* MGTwitterUsersLibXMLParser.h */ = {isa = PBXFileReference; fileEncoding = 4; lastKnownFileType = sourcecode.c.h; path = MGTwitterUsersLibXMLParser.h; sourceTree = "<group>"; };
		7279260E13CFB1E9005D9E6A /* MGTwitterUsersLibXMLParser.m */ = {isa = PBXFileReference; fileEncoding = 4; lastKnownFileType = sourcecode.c.objc; path = MGTwitterUsersLibXMLParser.m; sourceTree = "<group>"; };
		7279260F13CFB1E9005D9E6A /* MGTwitterUsersParser.h */ = {isa = PBXFileReference; fileEncoding = 4; lastKnownFileType = sourcecode.c.h; path = MGTwitterUsersParser.h; sourceTree = "<group>"; };
		7279261013CFB1E9005D9E6A /* MGTwitterUsersParser.m */ = {isa = PBXFileReference; fileEncoding = 4; lastKnownFileType = sourcecode.c.objc; path = MGTwitterUsersParser.m; sourceTree = "<group>"; };
		7279261113CFB1E9005D9E6A /* MGTwitterXMLParser.h */ = {isa = PBXFileReference; fileEncoding = 4; lastKnownFileType = sourcecode.c.h; path = MGTwitterXMLParser.h; sourceTree = "<group>"; };
		7279261213CFB1E9005D9E6A /* MGTwitterXMLParser.m */ = {isa = PBXFileReference; fileEncoding = 4; lastKnownFileType = sourcecode.c.objc; path = MGTwitterXMLParser.m; sourceTree = "<group>"; };
		7279261313CFB1E9005D9E6A /* NSData+Base64.h */ = {isa = PBXFileReference; fileEncoding = 4; lastKnownFileType = sourcecode.c.h; path = "NSData+Base64.h"; sourceTree = "<group>"; };
		7279261413CFB1E9005D9E6A /* NSData+Base64.m */ = {isa = PBXFileReference; fileEncoding = 4; lastKnownFileType = sourcecode.c.objc; path = "NSData+Base64.m"; sourceTree = "<group>"; };
		7279261513CFB1E9005D9E6A /* NSString+UUID.h */ = {isa = PBXFileReference; fileEncoding = 4; lastKnownFileType = sourcecode.c.h; path = "NSString+UUID.h"; sourceTree = "<group>"; };
		7279261613CFB1E9005D9E6A /* NSString+UUID.m */ = {isa = PBXFileReference; fileEncoding = 4; lastKnownFileType = sourcecode.c.objc; path = "NSString+UUID.m"; sourceTree = "<group>"; };
		7279261813CFB1E9005D9E6A /* SA_OAuthTwitterController.h */ = {isa = PBXFileReference; fileEncoding = 4; lastKnownFileType = sourcecode.c.h; path = SA_OAuthTwitterController.h; sourceTree = "<group>"; };
		7279261913CFB1E9005D9E6A /* SA_OAuthTwitterController.m */ = {isa = PBXFileReference; fileEncoding = 4; lastKnownFileType = sourcecode.c.objc; path = SA_OAuthTwitterController.m; sourceTree = "<group>"; };
		7279261A13CFB1E9005D9E6A /* SA_OAuthTwitterEngine.h */ = {isa = PBXFileReference; fileEncoding = 4; lastKnownFileType = sourcecode.c.h; path = SA_OAuthTwitterEngine.h; sourceTree = "<group>"; };
		7279261B13CFB1E9005D9E6A /* SA_OAuthTwitterEngine.m */ = {isa = PBXFileReference; fileEncoding = 4; lastKnownFileType = sourcecode.c.objc; path = SA_OAuthTwitterEngine.m; sourceTree = "<group>"; };
		7279261C13CFB1E9005D9E6A /* twitter_load.png */ = {isa = PBXFileReference; lastKnownFileType = image.png; path = twitter_load.png; sourceTree = "<group>"; };
		7279263313CFB1F5005D9E6A /* facebook-ios-sdk.xcodeproj */ = {isa = PBXFileReference; lastKnownFileType = "wrapper.pb-project"; path = "facebook-ios-sdk.xcodeproj"; sourceTree = "<group>"; };
		7279263613CFB1F5005D9E6A /* Facebook.h */ = {isa = PBXFileReference; fileEncoding = 4; lastKnownFileType = sourcecode.c.h; path = Facebook.h; sourceTree = "<group>"; };
		7279263713CFB1F5005D9E6A /* Facebook.m */ = {isa = PBXFileReference; fileEncoding = 4; lastKnownFileType = sourcecode.c.objc; path = Facebook.m; sourceTree = "<group>"; };
		7279263813CFB1F5005D9E6A /* facebook_ios_sdk_Prefix.pch */ = {isa = PBXFileReference; fileEncoding = 4; lastKnownFileType = sourcecode.c.h; path = facebook_ios_sdk_Prefix.pch; sourceTree = "<group>"; };
		7279263913CFB1F5005D9E6A /* FBConnect.h */ = {isa = PBXFileReference; fileEncoding = 4; lastKnownFileType = sourcecode.c.h; path = FBConnect.h; sourceTree = "<group>"; };
		7279263A13CFB1F5005D9E6A /* FBDialog.bundle */ = {isa = PBXFileReference; lastKnownFileType = "wrapper.plug-in"; path = FBDialog.bundle; sourceTree = "<group>"; };
		7279263B13CFB1F5005D9E6A /* FBDialog.h */ = {isa = PBXFileReference; fileEncoding = 4; lastKnownFileType = sourcecode.c.h; path = FBDialog.h; sourceTree = "<group>"; };
		7279263C13CFB1F5005D9E6A /* FBDialog.m */ = {isa = PBXFileReference; fileEncoding = 4; lastKnownFileType = sourcecode.c.objc; path = FBDialog.m; sourceTree = "<group>"; };
		7279263D13CFB1F5005D9E6A /* FBLoginDialog.h */ = {isa = PBXFileReference; fileEncoding = 4; lastKnownFileType = sourcecode.c.h; path = FBLoginDialog.h; sourceTree = "<group>"; };
		7279263E13CFB1F5005D9E6A /* FBLoginDialog.m */ = {isa = PBXFileReference; fileEncoding = 4; lastKnownFileType = sourcecode.c.objc; path = FBLoginDialog.m; sourceTree = "<group>"; };
		7279263F13CFB1F5005D9E6A /* FBRequest.h */ = {isa = PBXFileReference; fileEncoding = 4; lastKnownFileType = sourcecode.c.h; path = FBRequest.h; sourceTree = "<group>"; };
		7279264013CFB1F5005D9E6A /* FBRequest.m */ = {isa = PBXFileReference; fileEncoding = 4; lastKnownFileType = sourcecode.c.objc; path = FBRequest.m; sourceTree = "<group>"; };
		7279264213CFB1F5005D9E6A /* JSON.h */ = {isa = PBXFileReference; fileEncoding = 4; lastKnownFileType = sourcecode.c.h; path = JSON.h; sourceTree = "<group>"; };
		7279264313CFB1F5005D9E6A /* NSObject+SBJSON.h */ = {isa = PBXFileReference; fileEncoding = 4; lastKnownFileType = sourcecode.c.h; path = "NSObject+SBJSON.h"; sourceTree = "<group>"; };
		7279264413CFB1F5005D9E6A /* NSObject+SBJSON.m */ = {isa = PBXFileReference; fileEncoding = 4; lastKnownFileType = sourcecode.c.objc; path = "NSObject+SBJSON.m"; sourceTree = "<group>"; };
		7279264513CFB1F5005D9E6A /* NSString+SBJSON.h */ = {isa = PBXFileReference; fileEncoding = 4; lastKnownFileType = sourcecode.c.h; path = "NSString+SBJSON.h"; sourceTree = "<group>"; };
		7279264613CFB1F5005D9E6A /* NSString+SBJSON.m */ = {isa = PBXFileReference; fileEncoding = 4; lastKnownFileType = sourcecode.c.objc; path = "NSString+SBJSON.m"; sourceTree = "<group>"; };
		7279264713CFB1F5005D9E6A /* SBJSON.h */ = {isa = PBXFileReference; fileEncoding = 4; lastKnownFileType = sourcecode.c.h; path = SBJSON.h; sourceTree = "<group>"; };
		7279264813CFB1F5005D9E6A /* SBJSON.m */ = {isa = PBXFileReference; fileEncoding = 4; lastKnownFileType = sourcecode.c.objc; path = SBJSON.m; sourceTree = "<group>"; };
		7279264913CFB1F5005D9E6A /* SBJsonBase.h */ = {isa = PBXFileReference; fileEncoding = 4; lastKnownFileType = sourcecode.c.h; path = SBJsonBase.h; sourceTree = "<group>"; };
		7279264A13CFB1F5005D9E6A /* SBJsonBase.m */ = {isa = PBXFileReference; fileEncoding = 4; lastKnownFileType = sourcecode.c.objc; path = SBJsonBase.m; sourceTree = "<group>"; };
		7279264B13CFB1F5005D9E6A /* SBJsonParser.h */ = {isa = PBXFileReference; fileEncoding = 4; lastKnownFileType = sourcecode.c.h; path = SBJsonParser.h; sourceTree = "<group>"; };
		7279264C13CFB1F5005D9E6A /* SBJsonParser.m */ = {isa = PBXFileReference; fileEncoding = 4; lastKnownFileType = sourcecode.c.objc; path = SBJsonParser.m; sourceTree = "<group>"; };
		7279264D13CFB1F5005D9E6A /* SBJsonWriter.h */ = {isa = PBXFileReference; fileEncoding = 4; lastKnownFileType = sourcecode.c.h; path = SBJsonWriter.h; sourceTree = "<group>"; };
		7279264E13CFB1F5005D9E6A /* SBJsonWriter.m */ = {isa = PBXFileReference; fileEncoding = 4; lastKnownFileType = sourcecode.c.objc; path = SBJsonWriter.m; sourceTree = "<group>"; };
		7279266013CFB208005D9E6A /* MBProgressHUD.h */ = {isa = PBXFileReference; fileEncoding = 4; lastKnownFileType = sourcecode.c.h; name = MBProgressHUD.h; path = MBProgressHUD/MBProgressHUD.h; sourceTree = SOURCE_ROOT; };
		7279266113CFB208005D9E6A /* MBProgressHUD.m */ = {isa = PBXFileReference; fileEncoding = 4; lastKnownFileType = sourcecode.c.objc; name = MBProgressHUD.m; path = MBProgressHUD/MBProgressHUD.m; sourceTree = SOURCE_ROOT; };
		72843938136E13AE00C3045A /* icon-57.png */ = {isa = PBXFileReference; lastKnownFileType = image.png; name = "icon-57.png"; path = "../icon-57.png"; sourceTree = "<group>"; };
		7284393A136E13B500C3045A /* icon-114.png */ = {isa = PBXFileReference; lastKnownFileType = image.png; name = "icon-114.png"; path = "../icon-114.png"; sourceTree = "<group>"; };
		728F2AB913DB7355009007E0 /* Cloud@2x.png */ = {isa = PBXFileReference; lastKnownFileType = image.png; path = "Cloud@2x.png"; sourceTree = "<group>"; };
		72965DCC13CD35ED0057F2DF /* header_artists.png */ = {isa = PBXFileReference; lastKnownFileType = image.png; path = header_artists.png; sourceTree = "<group>"; };
		72965DCD13CD35ED0057F2DF /* header_artists@2x.png */ = {isa = PBXFileReference; lastKnownFileType = image.png; path = "header_artists@2x.png"; sourceTree = "<group>"; };
		72965DCE13CD35ED0057F2DF /* header_submissions.png */ = {isa = PBXFileReference; lastKnownFileType = image.png; path = header_submissions.png; sourceTree = "<group>"; };
		72965DCF13CD35ED0057F2DF /* header_submissions@2x.png */ = {isa = PBXFileReference; lastKnownFileType = image.png; path = "header_submissions@2x.png"; sourceTree = "<group>"; };
		72965DD013CD35ED0057F2DF /* header_main.png */ = {isa = PBXFileReference; lastKnownFileType = image.png; path = header_main.png; sourceTree = "<group>"; };
		72965DD113CD35ED0057F2DF /* header_main@2x.png */ = {isa = PBXFileReference; lastKnownFileType = image.png; path = "header_main@2x.png"; sourceTree = "<group>"; };
		72965DEE13CD6BF80057F2DF /* logo_head@2x.png */ = {isa = PBXFileReference; lastKnownFileType = image.png; path = "logo_head@2x.png"; sourceTree = "<group>"; };
		72965DEF13CD6BF80057F2DF /* logo_head.png */ = {isa = PBXFileReference; lastKnownFileType = image.png; path = logo_head.png; sourceTree = "<group>"; };
		72965DF213CD6C8D0057F2DF /* AboutViewController.h */ = {isa = PBXFileReference; fileEncoding = 4; lastKnownFileType = sourcecode.c.h; path = AboutViewController.h; sourceTree = "<group>"; };
		72965DF313CD6C8E0057F2DF /* AboutViewController.m */ = {isa = PBXFileReference; fileEncoding = 4; lastKnownFileType = sourcecode.c.objc; path = AboutViewController.m; sourceTree = "<group>"; };
		72965DF413CD6C8F0057F2DF /* AboutViewController.xib */ = {isa = PBXFileReference; fileEncoding = 4; lastKnownFileType = file.xib; path = AboutViewController.xib; sourceTree = "<group>"; };
		72B468101353CE4200C28892 /* house.png */ = {isa = PBXFileReference; lastKnownFileType = image.png; path = house.png; sourceTree = "<group>"; };
		72B468121353CE5800C28892 /* house@2x.png */ = {isa = PBXFileReference; lastKnownFileType = image.png; path = "house@2x.png"; sourceTree = "<group>"; };
		72B468141353CEC200C28892 /* 112-group.png */ = {isa = PBXFileReference; lastKnownFileType = image.png; path = "112-group.png"; sourceTree = "<group>"; };
		72B468161353CF2B00C28892 /* 05-shuffle.png */ = {isa = PBXFileReference; lastKnownFileType = image.png; path = "05-shuffle.png"; sourceTree = "<group>"; };
		72E647DA135A555600070CFD /* asyncImageView.h */ = {isa = PBXFileReference; fileEncoding = 4; lastKnownFileType = sourcecode.c.h; path = asyncImageView.h; sourceTree = "<group>"; };
		72E647DB135A555600070CFD /* asyncImageView.m */ = {isa = PBXFileReference; fileEncoding = 4; lastKnownFileType = sourcecode.c.objc; path = asyncImageView.m; sourceTree = "<group>"; };
		72E647E3135A657600070CFD /* ArtistsViewController.h */ = {isa = PBXFileReference; fileEncoding = 4; lastKnownFileType = sourcecode.c.h; path = ArtistsViewController.h; sourceTree = "<group>"; };
		72E647E4135A657600070CFD /* ArtistsViewController.m */ = {isa = PBXFileReference; fileEncoding = 4; lastKnownFileType = sourcecode.c.objc; path = ArtistsViewController.m; sourceTree = "<group>"; };
		72E647E5135A657700070CFD /* ArtistsViewController.xib */ = {isa = PBXFileReference; fileEncoding = 4; lastKnownFileType = file.xib; path = ArtistsViewController.xib; sourceTree = "<group>"; };
		72E647E8135A765200070CFD /* ArtistDetailViewController.h */ = {isa = PBXFileReference; fileEncoding = 4; lastKnownFileType = sourcecode.c.h; path = ArtistDetailViewController.h; sourceTree = "<group>"; };
		72E647E9135A765200070CFD /* ArtistDetailViewController.m */ = {isa = PBXFileReference; fileEncoding = 4; lastKnownFileType = sourcecode.c.objc; path = ArtistDetailViewController.m; sourceTree = "<group>"; };
		72E647EA135A765200070CFD /* ArtistDetailViewController.xib */ = {isa = PBXFileReference; fileEncoding = 4; lastKnownFileType = file.xib; path = ArtistDetailViewController.xib; sourceTree = "<group>"; };
		72EEDA9013CBA08D00379B72 /* facebook_button.png */ = {isa = PBXFileReference; lastKnownFileType = image.png; path = facebook_button.png; sourceTree = "<group>"; };
		72EEDA9113CBA08D00379B72 /* facebook_button@2x.png */ = {isa = PBXFileReference; lastKnownFileType = image.png; path = "facebook_button@2x.png"; sourceTree = "<group>"; };
		72EEDA9413CBA0E300379B72 /* twitter_button.png */ = {isa = PBXFileReference; lastKnownFileType = image.png; path = twitter_button.png; sourceTree = "<group>"; };
		72EEDA9513CBA0E300379B72 /* twitter_button@2x.png */ = {isa = PBXFileReference; lastKnownFileType = image.png; path = "twitter_button@2x.png"; sourceTree = "<group>"; };
		72EEDA9813CBAB0A00379B72 /* artist_button.png */ = {isa = PBXFileReference; lastKnownFileType = image.png; path = artist_button.png; sourceTree = "<group>"; };
		72EEDA9913CBAB0A00379B72 /* artist_button@2x.png */ = {isa = PBXFileReference; lastKnownFileType = image.png; path = "artist_button@2x.png"; sourceTree = "<group>"; };
		72EEDA9C13CBB5AC00379B72 /* arrow@2x.png */ = {isa = PBXFileReference; lastKnownFileType = image.png; path = "arrow@2x.png"; sourceTree = "<group>"; };
		72EEDA9D13CBB5AC00379B72 /* arrow.png */ = {isa = PBXFileReference; lastKnownFileType = image.png; path = arrow.png; sourceTree = "<group>"; };
/* End PBXFileReference section */

/* Begin PBXFrameworksBuildPhase section */
		726BF649135252D10046AC92 /* Frameworks */ = {
			isa = PBXFrameworksBuildPhase;
			buildActionMask = 2147483647;
			files = (
				7203702C13CA2BD100D62B32 /* libxml2.dylib in Frameworks */,
				7267C9CC135B8C0F009E7D61 /* QuartzCore.framework in Frameworks */,
				726BF651135252D10046AC92 /* UIKit.framework in Frameworks */,
				726BF653135252D10046AC92 /* Foundation.framework in Frameworks */,
				726BF655135252D10046AC92 /* CoreGraphics.framework in Frameworks */,
				7279261F13CFB1E9005D9E6A /* libOAuth.a in Frameworks */,
			);
			runOnlyForDeploymentPostprocessing = 0;
		};
/* End PBXFrameworksBuildPhase section */

/* Begin PBXGroup section */
		7245ECE013541ADE00A00EB9 /* Class */ = {
			isa = PBXGroup;
			children = (
				7203702B13CA2BD100D62B32 /* libxml2.dylib */,
				727925E113CFB1E9005D9E6A /* Twitter+OAuth */,
				7279263213CFB1F5005D9E6A /* src */,
				7279266013CFB208005D9E6A /* MBProgressHUD.h */,
				7279266113CFB208005D9E6A /* MBProgressHUD.m */,
				7203709113CA7CFA00D62B32 /* IndiesArtViewController.h */,
				7203709213CA7CFD00D62B32 /* IndiesArtViewController.m */,
				7203708413CA404D00D62B32 /* MKBitlyHelper.h */,
				7203708513CA404D00D62B32 /* MKBitlyHelper.m */,
				7245ECE113541AFB00A00EB9 /* SlideCell.h */,
				7245ECE213541AFB00A00EB9 /* SlideCell.m */,
				72E647DA135A555600070CFD /* asyncImageView.h */,
				72E647DB135A555600070CFD /* asyncImageView.m */,
				723C178B1365E9BF0087A5F9 /* ImageCollection.h */,
				723C178C1365E9BF0087A5F9 /* ImageCollection.m */,
				723C178E136615D50087A5F9 /* ImageDetail.h */,
				723C178F136615D50087A5F9 /* ImageDetail.m */,
				7253EEA11367EF6600859C9B /* ImageSlide.h */,
				7253EEA21367EF6600859C9B /* ImageSlide.m */,
			);
			name = Class;
			sourceTree = "<group>";
		};
		726BF641135252D10046AC92 = {
			isa = PBXGroup;
			children = (
				723BE49F13DCEB2A00CA367C /* Default@2x.png */,
				723BE49D13DCEB2300CA367C /* Default.png */,
				726BF656135252D10046AC92 /* indiesArt */,
				726BF64F135252D10046AC92 /* Frameworks */,
				726BF64D135252D10046AC92 /* Products */,
			);
			sourceTree = "<group>";
		};
		726BF64D135252D10046AC92 /* Products */ = {
			isa = PBXGroup;
			children = (
				726BF64C135252D10046AC92 /* indiesArt.app */,
			);
			name = Products;
			sourceTree = "<group>";
		};
		726BF64F135252D10046AC92 /* Frameworks */ = {
			isa = PBXGroup;
			children = (
				7267C9CB135B8C0F009E7D61 /* QuartzCore.framework */,
				726BF650135252D10046AC92 /* UIKit.framework */,
				726BF652135252D10046AC92 /* Foundation.framework */,
				726BF654135252D10046AC92 /* CoreGraphics.framework */,
			);
			name = Frameworks;
			sourceTree = "<group>";
		};
		726BF656135252D10046AC92 /* indiesArt */ = {
			isa = PBXGroup;
			children = (
				726BF65F135252D10046AC92 /* indiesArtAppDelegate.h */,
				726BF660135252D10046AC92 /* indiesArtAppDelegate.m */,
				7203707D13CA2F4900D62B32 /* TwitterRushViewController.h */,
				7203707E13CA2F4900D62B32 /* TwitterRushViewController.m */,
				7245ECDB1354174500A00EB9 /* HomeViewController.h */,
				7245ECDC1354174500A00EB9 /* HomeViewController.m */,
				72E647E3135A657600070CFD /* ArtistsViewController.h */,
				72E647E4135A657600070CFD /* ArtistsViewController.m */,
				72E647E8135A765200070CFD /* ArtistDetailViewController.h */,
				72E647E9135A765200070CFD /* ArtistDetailViewController.m */,
				7267C9CD135B9D25009E7D61 /* CollectionViewController.h */,
				7267C9CE135B9D25009E7D61 /* CollectionViewController.m */,
				7203709413CA84E800D62B32 /* DiscoverViewController.h */,
				7203709513CA84EA00D62B32 /* DiscoverViewController.m */,
				72965DF213CD6C8D0057F2DF /* AboutViewController.h */,
				72965DF313CD6C8E0057F2DF /* AboutViewController.m */,
				726BF657135252D10046AC92 /* Supporting Files */,
				7245ECE013541ADE00A00EB9 /* Class */,
			);
			path = indiesArt;
			sourceTree = "<group>";
		};
		726BF657135252D10046AC92 /* Supporting Files */ = {
			isa = PBXGroup;
			children = (
				72B4680D1353A96F00C28892 /* Images */,
				72D44220135253F400AB92A0 /* NIB */,
				726BF658135252D10046AC92 /* indiesArt-Info.plist */,
				726BF659135252D10046AC92 /* InfoPlist.strings */,
				726BF65C135252D10046AC92 /* indiesArt-Prefix.pch */,
				726BF65D135252D10046AC92 /* main.m */,
			);
			name = "Supporting Files";
			sourceTree = "<group>";
		};
		727925E113CFB1E9005D9E6A /* Twitter+OAuth */ = {
			isa = PBXGroup;
			children = (
				727925E213CFB1E9005D9E6A /* Libraries & Headers */,
				727925F613CFB1E9005D9E6A /* MGTwitterEngine */,
				7279261713CFB1E9005D9E6A /* SAOAuthTwitterEngine */,
			);
			name = "Twitter+OAuth";
			path = "TwitterOAuth/Twitter+OAuth";
			sourceTree = SOURCE_ROOT;
		};
		727925E213CFB1E9005D9E6A /* Libraries & Headers */ = {
			isa = PBXGroup;
			children = (
				727925E313CFB1E9005D9E6A /* jQueryInject.txt */,
				727925E413CFB1E9005D9E6A /* jQueryInjectLandscape.txt */,
				727925E513CFB1E9005D9E6A /* libOAuth.a */,
				727925E613CFB1E9005D9E6A /* OAuthConsumer */,
			);
			path = "Libraries & Headers";
			sourceTree = "<group>";
		};
		727925E613CFB1E9005D9E6A /* OAuthConsumer */ = {
			isa = PBXGroup;
			children = (
				727925E713CFB1E9005D9E6A /* NSMutableURLRequest+Parameters.h */,
				727925E813CFB1E9005D9E6A /* NSString+URLEncoding.h */,
				727925E913CFB1E9005D9E6A /* NSURL+Base.h */,
				727925EA13CFB1E9005D9E6A /* OAAsynchronousDataFetcher.h */,
				727925EB13CFB1E9005D9E6A /* OAConsumer.h */,
				727925EC13CFB1E9005D9E6A /* OADataFetcher.h */,
				727925ED13CFB1E9005D9E6A /* OAHMAC_SHA1SignatureProvider.h */,
				727925EE13CFB1E9005D9E6A /* OAMutableURLRequest.h */,
				727925EF13CFB1E9005D9E6A /* OAPlaintextSignatureProvider.h */,
				727925F013CFB1E9005D9E6A /* OARequestParameter.h */,
				727925F113CFB1E9005D9E6A /* OAServiceTicket.h */,
				727925F213CFB1E9005D9E6A /* OASignatureProviding.h */,
				727925F313CFB1E9005D9E6A /* OAToken.h */,
				727925F413CFB1E9005D9E6A /* OAToken_KeychainExtensions.h */,
				727925F513CFB1E9005D9E6A /* OAuthConsumer.h */,
			);
			path = OAuthConsumer;
			sourceTree = "<group>";
		};
		727925F613CFB1E9005D9E6A /* MGTwitterEngine */ = {
			isa = PBXGroup;
			children = (
				727925F713CFB1E9005D9E6A /* MGTwitterEngine.h */,
				727925F813CFB1E9005D9E6A /* MGTwitterEngine.m */,
				727925F913CFB1E9005D9E6A /* MGTwitterEngineDelegate.h */,
				727925FA13CFB1E9005D9E6A /* MGTwitterEngineGlobalHeader.h */,
				727925FB13CFB1E9005D9E6A /* MGTwitterHTTPURLConnection.h */,
				727925FC13CFB1E9005D9E6A /* MGTwitterHTTPURLConnection.m */,
				727925FD13CFB1E9005D9E6A /* MGTwitterLibXMLParser.h */,
				727925FE13CFB1E9005D9E6A /* MGTwitterLibXMLParser.m */,
				727925FF13CFB1E9005D9E6A /* MGTwitterMessagesLibXMLParser.h */,
				7279260013CFB1E9005D9E6A /* MGTwitterMessagesLibXMLParser.m */,
				7279260113CFB1E9005D9E6A /* MGTwitterMessagesParser.h */,
				7279260213CFB1E9005D9E6A /* MGTwitterMessagesParser.m */,
				7279260313CFB1E9005D9E6A /* MGTwitterMiscLibXMLParser.h */,
				7279260413CFB1E9005D9E6A /* MGTwitterMiscLibXMLParser.m */,
				7279260513CFB1E9005D9E6A /* MGTwitterMiscParser.h */,
				7279260613CFB1E9005D9E6A /* MGTwitterMiscParser.m */,
				7279260713CFB1E9005D9E6A /* MGTwitterParserDelegate.h */,
				7279260813CFB1E9005D9E6A /* MGTwitterRequestTypes.h */,
				7279260913CFB1E9005D9E6A /* MGTwitterStatusesLibXMLParser.h */,
				7279260A13CFB1E9005D9E6A /* MGTwitterStatusesLibXMLParser.m */,
				7279260B13CFB1E9005D9E6A /* MGTwitterStatusesParser.h */,
				7279260C13CFB1E9005D9E6A /* MGTwitterStatusesParser.m */,
				7279260D13CFB1E9005D9E6A /* MGTwitterUsersLibXMLParser.h */,
				7279260E13CFB1E9005D9E6A /* MGTwitterUsersLibXMLParser.m */,
				7279260F13CFB1E9005D9E6A /* MGTwitterUsersParser.h */,
				7279261013CFB1E9005D9E6A /* MGTwitterUsersParser.m */,
				7279261113CFB1E9005D9E6A /* MGTwitterXMLParser.h */,
				7279261213CFB1E9005D9E6A /* MGTwitterXMLParser.m */,
				7279261313CFB1E9005D9E6A /* NSData+Base64.h */,
				7279261413CFB1E9005D9E6A /* NSData+Base64.m */,
				7279261513CFB1E9005D9E6A /* NSString+UUID.h */,
				7279261613CFB1E9005D9E6A /* NSString+UUID.m */,
			);
			path = MGTwitterEngine;
			sourceTree = "<group>";
		};
		7279261713CFB1E9005D9E6A /* SAOAuthTwitterEngine */ = {
			isa = PBXGroup;
			children = (
				7279261813CFB1E9005D9E6A /* SA_OAuthTwitterController.h */,
				7279261913CFB1E9005D9E6A /* SA_OAuthTwitterController.m */,
				7279261A13CFB1E9005D9E6A /* SA_OAuthTwitterEngine.h */,
				7279261B13CFB1E9005D9E6A /* SA_OAuthTwitterEngine.m */,
				7279261C13CFB1E9005D9E6A /* twitter_load.png */,
			);
			path = SAOAuthTwitterEngine;
			sourceTree = "<group>";
		};
		7279263213CFB1F5005D9E6A /* src */ = {
			isa = PBXGroup;
			children = (
				7279263313CFB1F5005D9E6A /* facebook-ios-sdk.xcodeproj */,
				7279263613CFB1F5005D9E6A /* Facebook.h */,
				7279263713CFB1F5005D9E6A /* Facebook.m */,
				7279263813CFB1F5005D9E6A /* facebook_ios_sdk_Prefix.pch */,
				7279263913CFB1F5005D9E6A /* FBConnect.h */,
				7279263A13CFB1F5005D9E6A /* FBDialog.bundle */,
				7279263B13CFB1F5005D9E6A /* FBDialog.h */,
				7279263C13CFB1F5005D9E6A /* FBDialog.m */,
				7279263D13CFB1F5005D9E6A /* FBLoginDialog.h */,
				7279263E13CFB1F5005D9E6A /* FBLoginDialog.m */,
				7279263F13CFB1F5005D9E6A /* FBRequest.h */,
				7279264013CFB1F5005D9E6A /* FBRequest.m */,
				7279264113CFB1F5005D9E6A /* JSON */,
			);
			name = src;
			path = Facebook/src;
			sourceTree = SOURCE_ROOT;
		};
		7279263413CFB1F5005D9E6A /* Products */ = {
			isa = PBXGroup;
			children = (
				7279265F13CFB1F5005D9E6A /* libfacebook_ios_sdk.a */,
			);
			name = Products;
			sourceTree = "<group>";
		};
		7279264113CFB1F5005D9E6A /* JSON */ = {
			isa = PBXGroup;
			children = (
				7279264213CFB1F5005D9E6A /* JSON.h */,
				7279264313CFB1F5005D9E6A /* NSObject+SBJSON.h */,
				7279264413CFB1F5005D9E6A /* NSObject+SBJSON.m */,
				7279264513CFB1F5005D9E6A /* NSString+SBJSON.h */,
				7279264613CFB1F5005D9E6A /* NSString+SBJSON.m */,
				7279264713CFB1F5005D9E6A /* SBJSON.h */,
				7279264813CFB1F5005D9E6A /* SBJSON.m */,
				7279264913CFB1F5005D9E6A /* SBJsonBase.h */,
				7279264A13CFB1F5005D9E6A /* SBJsonBase.m */,
				7279264B13CFB1F5005D9E6A /* SBJsonParser.h */,
				7279264C13CFB1F5005D9E6A /* SBJsonParser.m */,
				7279264D13CFB1F5005D9E6A /* SBJsonWriter.h */,
				7279264E13CFB1F5005D9E6A /* SBJsonWriter.m */,
			);
			path = JSON;
			sourceTree = "<group>";
		};
		72B4680D1353A96F00C28892 /* Images */ = {
			isa = PBXGroup;
			children = (
				723BE4B113DF82F900CA367C /* fb-posted.png */,
				723BE4B213DF82FA00CA367C /* fb-posted@2x.png */,
				723BE4A913DF7CBC00CA367C /* tweeted.png */,
				723BE4AA13DF7CBC00CA367C /* tweeted@2x.png */,
				72EEDA9C13CBB5AC00379B72 /* arrow@2x.png */,
				72EEDA9D13CBB5AC00379B72 /* arrow.png */,
				72EEDA9813CBAB0A00379B72 /* artist_button.png */,
				72EEDA9913CBAB0A00379B72 /* artist_button@2x.png */,
				72EEDA9413CBA0E300379B72 /* twitter_button.png */,
				72EEDA9513CBA0E300379B72 /* twitter_button@2x.png */,
				72EEDA9013CBA08D00379B72 /* facebook_button.png */,
				72EEDA9113CBA08D00379B72 /* facebook_button@2x.png */,
				7203709913CA8CDA00D62B32 /* Cloud.png */,
				728F2AB913DB7355009007E0 /* Cloud@2x.png */,
				7203708F13CA78AF00D62B32 /* arrow_pink.gif */,
				7203708213CA369E00D62B32 /* background.jpg */,
				7284393A136E13B500C3045A /* icon-114.png */,
				72843938136E13AE00C3045A /* icon-57.png */,
				724C40641378D95E003E9AD1 /* bg-default-50.png */,
				72701CE31368D49F00211231 /* bg-three.jpeg */,
				72B468161353CF2B00C28892 /* 05-shuffle.png */,
				72B468141353CEC200C28892 /* 112-group.png */,
				72B468121353CE5800C28892 /* house@2x.png */,
				72B468101353CE4200C28892 /* house.png */,
				72965DCC13CD35ED0057F2DF /* header_artists.png */,
				72965DCD13CD35ED0057F2DF /* header_artists@2x.png */,
				72965DCE13CD35ED0057F2DF /* header_submissions.png */,
				72965DCF13CD35ED0057F2DF /* header_submissions@2x.png */,
				72965DD013CD35ED0057F2DF /* header_main.png */,
				72965DD113CD35ED0057F2DF /* header_main@2x.png */,
				72965DEE13CD6BF80057F2DF /* logo_head@2x.png */,
				72965DEF13CD6BF80057F2DF /* logo_head.png */,
				723BE49113DCDE9D00CA367C /* tab_about.png */,
				723BE49513DCDEFD00CA367C /* tab_about@2x.png */,
				723BE48D13DCD9BD00CA367C /* tab_group.png */,
				723BE48E13DCD9BD00CA367C /* tab_group@2x.png */,
			);
			name = Images;
			sourceTree = "<group>";
		};
		72D44220135253F400AB92A0 /* NIB */ = {
			isa = PBXGroup;
			children = (
				726BF662135252D10046AC92 /* MainWindow.xib */,
				7245ECDD1354174500A00EB9 /* HomeViewController.xib */,
				72E647E5135A657700070CFD /* ArtistsViewController.xib */,
				72E647EA135A765200070CFD /* ArtistDetailViewController.xib */,
				7267C9CF135B9D26009E7D61 /* CollectionViewController.xib */,
				7203707F13CA2F4A00D62B32 /* TwitterRushViewController.xib */,
				7245ECE613541B4C00A00EB9 /* SlideCell.xib */,
				72965DF413CD6C8F0057F2DF /* AboutViewController.xib */,
			);
			name = NIB;
			sourceTree = "<group>";
		};
/* End PBXGroup section */

/* Begin PBXNativeTarget section */
		726BF64B135252D10046AC92 /* indiesArt */ = {
			isa = PBXNativeTarget;
			buildConfigurationList = 726BF673135252D10046AC92 /* Build configuration list for PBXNativeTarget "indiesArt" */;
			buildPhases = (
				726BF648135252D10046AC92 /* Sources */,
				726BF649135252D10046AC92 /* Frameworks */,
				726BF64A135252D10046AC92 /* Resources */,
			);
			buildRules = (
			);
			dependencies = (
			);
			name = indiesArt;
			productName = indiesArt;
			productReference = 726BF64C135252D10046AC92 /* indiesArt.app */;
			productType = "com.apple.product-type.application";
		};
/* End PBXNativeTarget section */

/* Begin PBXProject section */
		726BF643135252D10046AC92 /* Project object */ = {
			isa = PBXProject;
			buildConfigurationList = 726BF646135252D10046AC92 /* Build configuration list for PBXProject "indiesArt" */;
			compatibilityVersion = "Xcode 3.2";
			developmentRegion = English;
			hasScannedForEncodings = 0;
			knownRegions = (
				en,
			);
			mainGroup = 726BF641135252D10046AC92;
			productRefGroup = 726BF64D135252D10046AC92 /* Products */;
			projectDirPath = "";
			projectReferences = (
				{
					ProductGroup = 7279263413CFB1F5005D9E6A /* Products */;
					ProjectRef = 7279263313CFB1F5005D9E6A /* facebook-ios-sdk.xcodeproj */;
				},
			);
			projectRoot = "";
			targets = (
				726BF64B135252D10046AC92 /* indiesArt */,
			);
		};
/* End PBXProject section */

/* Begin PBXReferenceProxy section */
		7279265F13CFB1F5005D9E6A /* libfacebook_ios_sdk.a */ = {
			isa = PBXReferenceProxy;
			fileType = archive.ar;
			path = libfacebook_ios_sdk.a;
			remoteRef = 7279265E13CFB1F5005D9E6A /* PBXContainerItemProxy */;
			sourceTree = BUILT_PRODUCTS_DIR;
		};
/* End PBXReferenceProxy section */

/* Begin PBXResourcesBuildPhase section */
		726BF64A135252D10046AC92 /* Resources */ = {
			isa = PBXResourcesBuildPhase;
			buildActionMask = 2147483647;
			files = (
				726BF65B135252D10046AC92 /* InfoPlist.strings in Resources */,
				726BF664135252D10046AC92 /* MainWindow.xib in Resources */,
				72B468111353CE4200C28892 /* house.png in Resources */,
				72B468131353CE5800C28892 /* house@2x.png in Resources */,
				72B468151353CEC200C28892 /* 112-group.png in Resources */,
				72B468171353CF2B00C28892 /* 05-shuffle.png in Resources */,
				7245ECDF1354174600A00EB9 /* HomeViewController.xib in Resources */,
				7245ECE713541B4D00A00EB9 /* SlideCell.xib in Resources */,
				72E647E7135A657700070CFD /* ArtistsViewController.xib in Resources */,
				72E647EC135A765200070CFD /* ArtistDetailViewController.xib in Resources */,
				7267C9D1135B9D26009E7D61 /* CollectionViewController.xib in Resources */,
				72701CE41368D49F00211231 /* bg-three.jpeg in Resources */,
				72843939136E13AE00C3045A /* icon-57.png in Resources */,
				7284393B136E13B500C3045A /* icon-114.png in Resources */,
				724C40651378D95E003E9AD1 /* bg-default-50.png in Resources */,
				7203708113CA2F4A00D62B32 /* TwitterRushViewController.xib in Resources */,
				7203708313CA369E00D62B32 /* background.jpg in Resources */,
				7203709013CA78AF00D62B32 /* arrow_pink.gif in Resources */,
				7203709A13CA8CDA00D62B32 /* Cloud.png in Resources */,
				72EEDA9213CBA08D00379B72 /* facebook_button.png in Resources */,
				72EEDA9313CBA08D00379B72 /* facebook_button@2x.png in Resources */,
				72EEDA9613CBA0E300379B72 /* twitter_button.png in Resources */,
				72EEDA9713CBA0E300379B72 /* twitter_button@2x.png in Resources */,
				72EEDA9A13CBAB0A00379B72 /* artist_button.png in Resources */,
				72EEDA9B13CBAB0A00379B72 /* artist_button@2x.png in Resources */,
				72EEDA9E13CBB5AC00379B72 /* arrow@2x.png in Resources */,
				72EEDA9F13CBB5AC00379B72 /* arrow.png in Resources */,
				72965DD213CD35ED0057F2DF /* header_artists.png in Resources */,
				72965DD313CD35ED0057F2DF /* header_artists@2x.png in Resources */,
				72965DD413CD35ED0057F2DF /* header_submissions.png in Resources */,
				72965DD513CD35ED0057F2DF /* header_submissions@2x.png in Resources */,
				72965DD613CD35ED0057F2DF /* header_main.png in Resources */,
				72965DD713CD35ED0057F2DF /* header_main@2x.png in Resources */,
				72965DF013CD6BF80057F2DF /* logo_head@2x.png in Resources */,
				72965DF113CD6BF80057F2DF /* logo_head.png in Resources */,
				72965DF613CD6C8F0057F2DF /* AboutViewController.xib in Resources */,
				7279261D13CFB1E9005D9E6A /* jQueryInject.txt in Resources */,
				7279261E13CFB1E9005D9E6A /* jQueryInjectLandscape.txt in Resources */,
				7279263013CFB1E9005D9E6A /* twitter_load.png in Resources */,
				7279265313CFB1F5005D9E6A /* FBDialog.bundle in Resources */,
				728F2ABA13DB7355009007E0 /* Cloud@2x.png in Resources */,
				723BE48F13DCD9BD00CA367C /* tab_group.png in Resources */,
				723BE49013DCD9BD00CA367C /* tab_group@2x.png in Resources */,
				723BE49313DCDE9D00CA367C /* tab_about.png in Resources */,
				723BE49613DCDEFD00CA367C /* tab_about@2x.png in Resources */,
				723BE49E13DCEB2300CA367C /* Default.png in Resources */,
				723BE4A013DCEB2A00CA367C /* Default@2x.png in Resources */,
				723BE4AB13DF7CBC00CA367C /* tweeted.png in Resources */,
				723BE4AC13DF7CBC00CA367C /* tweeted@2x.png in Resources */,
				723BE4B313DF82FA00CA367C /* fb-posted.png in Resources */,
				723BE4B413DF82FA00CA367C /* fb-posted@2x.png in Resources */,
			);
			runOnlyForDeploymentPostprocessing = 0;
		};
/* End PBXResourcesBuildPhase section */

/* Begin PBXSourcesBuildPhase section */
		726BF648135252D10046AC92 /* Sources */ = {
			isa = PBXSourcesBuildPhase;
			buildActionMask = 2147483647;
			files = (
				726BF65E135252D10046AC92 /* main.m in Sources */,
				726BF661135252D10046AC92 /* indiesArtAppDelegate.m in Sources */,
				7245ECDE1354174600A00EB9 /* HomeViewController.m in Sources */,
				7245ECE313541AFB00A00EB9 /* SlideCell.m in Sources */,
				72E647DC135A555600070CFD /* asyncImageView.m in Sources */,
				72E647E6135A657700070CFD /* ArtistsViewController.m in Sources */,
				72E647EB135A765200070CFD /* ArtistDetailViewController.m in Sources */,
				7267C9D0135B9D26009E7D61 /* CollectionViewController.m in Sources */,
				723C178D1365E9BF0087A5F9 /* ImageCollection.m in Sources */,
				723C1790136615D50087A5F9 /* ImageDetail.m in Sources */,
				7253EEA31367EF6600859C9B /* ImageSlide.m in Sources */,
				7203708013CA2F4A00D62B32 /* TwitterRushViewController.m in Sources */,
				7203708613CA404D00D62B32 /* MKBitlyHelper.m in Sources */,
				7203709313CA7CFE00D62B32 /* IndiesArtViewController.m in Sources */,
				7203709613CA84EC00D62B32 /* DiscoverViewController.m in Sources */,
				72965DF513CD6C8F0057F2DF /* AboutViewController.m in Sources */,
				7279262013CFB1E9005D9E6A /* MGTwitterEngine.m in Sources */,
				7279262113CFB1E9005D9E6A /* MGTwitterHTTPURLConnection.m in Sources */,
				7279262213CFB1E9005D9E6A /* MGTwitterLibXMLParser.m in Sources */,
				7279262313CFB1E9005D9E6A /* MGTwitterMessagesLibXMLParser.m in Sources */,
				7279262413CFB1E9005D9E6A /* MGTwitterMessagesParser.m in Sources */,
				7279262513CFB1E9005D9E6A /* MGTwitterMiscLibXMLParser.m in Sources */,
				7279262613CFB1E9005D9E6A /* MGTwitterMiscParser.m in Sources */,
				7279262713CFB1E9005D9E6A /* MGTwitterStatusesLibXMLParser.m in Sources */,
				7279262813CFB1E9005D9E6A /* MGTwitterStatusesParser.m in Sources */,
				7279262913CFB1E9005D9E6A /* MGTwitterUsersLibXMLParser.m in Sources */,
				7279262A13CFB1E9005D9E6A /* MGTwitterUsersParser.m in Sources */,
				7279262B13CFB1E9005D9E6A /* MGTwitterXMLParser.m in Sources */,
				7279262C13CFB1E9005D9E6A /* NSData+Base64.m in Sources */,
				7279262D13CFB1E9005D9E6A /* NSString+UUID.m in Sources */,
				7279262E13CFB1E9005D9E6A /* SA_OAuthTwitterController.m in Sources */,
				7279262F13CFB1E9005D9E6A /* SA_OAuthTwitterEngine.m in Sources */,
				7279265213CFB1F5005D9E6A /* Facebook.m in Sources */,
				7279265413CFB1F5005D9E6A /* FBDialog.m in Sources */,
				7279265513CFB1F5005D9E6A /* FBLoginDialog.m in Sources */,
				7279265613CFB1F5005D9E6A /* FBRequest.m in Sources */,
				7279265713CFB1F5005D9E6A /* NSObject+SBJSON.m in Sources */,
				7279265813CFB1F5005D9E6A /* NSString+SBJSON.m in Sources */,
				7279265913CFB1F5005D9E6A /* SBJSON.m in Sources */,
				7279265A13CFB1F5005D9E6A /* SBJsonBase.m in Sources */,
				7279265B13CFB1F5005D9E6A /* SBJsonParser.m in Sources */,
				7279265C13CFB1F5005D9E6A /* SBJsonWriter.m in Sources */,
				7279266213CFB208005D9E6A /* MBProgressHUD.m in Sources */,
			);
			runOnlyForDeploymentPostprocessing = 0;
		};
/* End PBXSourcesBuildPhase section */

/* Begin PBXVariantGroup section */
		726BF659135252D10046AC92 /* InfoPlist.strings */ = {
			isa = PBXVariantGroup;
			children = (
				726BF65A135252D10046AC92 /* en */,
			);
			name = InfoPlist.strings;
			sourceTree = "<group>";
		};
		726BF662135252D10046AC92 /* MainWindow.xib */ = {
			isa = PBXVariantGroup;
			children = (
				726BF663135252D10046AC92 /* en */,
			);
			name = MainWindow.xib;
			sourceTree = "<group>";
		};
/* End PBXVariantGroup section */

/* Begin XCBuildConfiguration section */
		726BF671135252D10046AC92 /* Debug */ = {
			isa = XCBuildConfiguration;
			buildSettings = {
				ARCHS = "$(ARCHS_STANDARD_32_BIT)";
				"CODE_SIGN_IDENTITY[sdk=iphoneos*]" = "iPhone Developer";
				GCC_C_LANGUAGE_STANDARD = gnu99;
				GCC_OPTIMIZATION_LEVEL = 0;
				GCC_PREPROCESSOR_DEFINITIONS = DEBUG;
				GCC_SYMBOLS_PRIVATE_EXTERN = NO;
				GCC_VERSION = com.apple.compilers.llvmgcc42;
				GCC_WARN_ABOUT_RETURN_TYPE = YES;
				GCC_WARN_UNUSED_VARIABLE = YES;
				HEADER_SEARCH_PATHS = (
					Facebook/src,
					"$(SDKROOT)/usr/include/libxml2",
				);
				IPHONEOS_DEPLOYMENT_TARGET = 4.3;
				SDKROOT = iphoneos;
			};
			name = Debug;
		};
		726BF672135252D10046AC92 /* Release */ = {
			isa = XCBuildConfiguration;
			buildSettings = {
				ARCHS = "$(ARCHS_STANDARD_32_BIT)";
				"CODE_SIGN_IDENTITY[sdk=iphoneos*]" = "iPhone Developer";
				GCC_C_LANGUAGE_STANDARD = gnu99;
				GCC_VERSION = com.apple.compilers.llvmgcc42;
				GCC_WARN_ABOUT_RETURN_TYPE = YES;
				GCC_WARN_UNUSED_VARIABLE = YES;
				HEADER_SEARCH_PATHS = (
					Facebook/src,
					"$(SDKROOT)/usr/include/libxml2",
				);
				IPHONEOS_DEPLOYMENT_TARGET = 4.3;
				OTHER_CFLAGS = "-DNS_BLOCK_ASSERTIONS=1";
				SDKROOT = iphoneos;
			};
			name = Release;
		};
		726BF674135252D10046AC92 /* Debug */ = {
			isa = XCBuildConfiguration;
			buildSettings = {
				ALWAYS_SEARCH_USER_PATHS = NO;
				COPY_PHASE_STRIP = NO;
				GCC_DYNAMIC_NO_PIC = NO;
				GCC_PRECOMPILE_PREFIX_HEADER = YES;
				GCC_PREFIX_HEADER = "indiesArt/indiesArt-Prefix.pch";
				INFOPLIST_FILE = "indiesArt/indiesArt-Info.plist";
				LIBRARY_SEARCH_PATHS = (
					"$(inherited)",
					"\"$(SRCROOT)/TwitterOAuth/Twitter+OAuth/Libraries & Headers\"",
				);
				PRODUCT_NAME = "$(TARGET_NAME)";
				WRAPPER_EXTENSION = app;
			};
			name = Debug;
		};
		726BF675135252D10046AC92 /* Release */ = {
			isa = XCBuildConfiguration;
			buildSettings = {
				ALWAYS_SEARCH_USER_PATHS = NO;
				COPY_PHASE_STRIP = YES;
				GCC_PRECOMPILE_PREFIX_HEADER = YES;
				GCC_PREFIX_HEADER = "indiesArt/indiesArt-Prefix.pch";
				INFOPLIST_FILE = "indiesArt/indiesArt-Info.plist";
				LIBRARY_SEARCH_PATHS = (
					"$(inherited)",
					"\"$(SRCROOT)/TwitterOAuth/Twitter+OAuth/Libraries & Headers\"",
				);
				PRODUCT_NAME = "$(TARGET_NAME)";
				VALIDATE_PRODUCT = YES;
				WRAPPER_EXTENSION = app;
			};
			name = Release;
		};
/* End XCBuildConfiguration section */

/* Begin XCConfigurationList section */
		726BF646135252D10046AC92 /* Build configuration list for PBXProject "indiesArt" */ = {
			isa = XCConfigurationList;
			buildConfigurations = (
				726BF671135252D10046AC92 /* Debug */,
				726BF672135252D10046AC92 /* Release */,
			);
			defaultConfigurationIsVisible = 0;
			defaultConfigurationName = Release;
		};
		726BF673135252D10046AC92 /* Build configuration list for PBXNativeTarget "indiesArt" */ = {
			isa = XCConfigurationList;
			buildConfigurations = (
				726BF674135252D10046AC92 /* Debug */,
				726BF675135252D10046AC92 /* Release */,
			);
			defaultConfigurationIsVisible = 0;
			defaultConfigurationName = Release;
		};
/* End XCConfigurationList section */
	};
	rootObject = 726BF643135252D10046AC92 /* Project object */;
}
